// !$*UTF8*$!
{
	archiveVersion = 1;
	classes = {
	};
	objectVersion = 46;
	objects = {

/* Begin PBXBuildFile section */
		4A4E57481D35DDFC00789FB8 /* HomeController.swift in Sources */ = {isa = PBXBuildFile; fileRef = 4A4E57351D35DDFC00789FB8 /* HomeController.swift */; };
		4A4E57491D35DDFC00789FB8 /* LoginViewController.swift in Sources */ = {isa = PBXBuildFile; fileRef = 4A4E57371D35DDFC00789FB8 /* LoginViewController.swift */; };
		4A4E574A1D35DDFC00789FB8 /* UserLoginInfoController.swift in Sources */ = {isa = PBXBuildFile; fileRef = 4A4E57381D35DDFC00789FB8 /* UserLoginInfoController.swift */; };
		4A4E574B1D35DDFC00789FB8 /* MainNavgationController.swift in Sources */ = {isa = PBXBuildFile; fileRef = 4A4E573A1D35DDFC00789FB8 /* MainNavgationController.swift */; };
		4A4E574C1D35DDFC00789FB8 /* MainTabBarController.swift in Sources */ = {isa = PBXBuildFile; fileRef = 4A4E573C1D35DDFC00789FB8 /* MainTabBarController.swift */; };
		4A4E574D1D35DDFC00789FB8 /* MeController.swift in Sources */ = {isa = PBXBuildFile; fileRef = 4A4E573E1D35DDFC00789FB8 /* MeController.swift */; };
		4A4E574E1D35DDFC00789FB8 /* MessageController.swift in Sources */ = {isa = PBXBuildFile; fileRef = 4A4E57411D35DDFC00789FB8 /* MessageController.swift */; };
		4A4E574F1D35DDFC00789FB8 /* NewfeaturesController.swift in Sources */ = {isa = PBXBuildFile; fileRef = 4A4E57421D35DDFC00789FB8 /* NewfeaturesController.swift */; };
		4A4E57501D35DDFC00789FB8 /* AppDelegate.swift in Sources */ = {isa = PBXBuildFile; fileRef = 4A4E57451D35DDFC00789FB8 /* AppDelegate.swift */; };
		4A4E57511D35DDFC00789FB8 /* FoundController.swift in Sources */ = {isa = PBXBuildFile; fileRef = 4A4E57461D35DDFC00789FB8 /* FoundController.swift */; };
		4A4E57881D3607E800789FB8 /* MainVCSettings.json in Resources */ = {isa = PBXBuildFile; fileRef = 4A4E57861D3607E800789FB8 /* MainVCSettings.json */; };
		4A85D4B41CDC624D00109B42 /* zhangdongdong.jpeg in Resources */ = {isa = PBXBuildFile; fileRef = 4A85D4B31CDC624D00109B42 /* zhangdongdong.jpeg */; };
		4A9A646C1CDC209700BD9518 /* Assets.xcassets in Resources */ = {isa = PBXBuildFile; fileRef = 4A9A646B1CDC209700BD9518 /* Assets.xcassets */; };
		4A9A646F1CDC209700BD9518 /* LaunchScreen.storyboard in Resources */ = {isa = PBXBuildFile; fileRef = 4A9A646D1CDC209700BD9518 /* LaunchScreen.storyboard */; };
		4A9A647A1CDC209700BD9518 /* DDWeiBoTests.swift in Sources */ = {isa = PBXBuildFile; fileRef = 4A9A64791CDC209700BD9518 /* DDWeiBoTests.swift */; };
		4A9A64851CDC209700BD9518 /* DDWeiBoUITests.swift in Sources */ = {isa = PBXBuildFile; fileRef = 4A9A64841CDC209700BD9518 /* DDWeiBoUITests.swift */; };
		FA37A69DF37E9812D6C8CCC5 /* Pods_DDWeiBo.framework in Frameworks */ = {isa = PBXBuildFile; fileRef = 1F74FF669CD818BD7604BEE7 /* Pods_DDWeiBo.framework */; };
/* End PBXBuildFile section */

/* Begin PBXContainerItemProxy section */
		4A9A64761CDC209700BD9518 /* PBXContainerItemProxy */ = {
			isa = PBXContainerItemProxy;
			containerPortal = 4A9A64591CDC209700BD9518 /* Project object */;
			proxyType = 1;
			remoteGlobalIDString = 4A9A64601CDC209700BD9518;
			remoteInfo = DDWeiBo;
		};
		4A9A64811CDC209700BD9518 /* PBXContainerItemProxy */ = {
			isa = PBXContainerItemProxy;
			containerPortal = 4A9A64591CDC209700BD9518 /* Project object */;
			proxyType = 1;
			remoteGlobalIDString = 4A9A64601CDC209700BD9518;
			remoteInfo = DDWeiBo;
		};
/* End PBXContainerItemProxy section */

/* Begin PBXFileReference section */
		1F74FF669CD818BD7604BEE7 /* Pods_DDWeiBo.framework */ = {isa = PBXFileReference; explicitFileType = wrapper.framework; includeInIndex = 0; path = Pods_DDWeiBo.framework; sourceTree = BUILT_PRODUCTS_DIR; };
		4A4E57351D35DDFC00789FB8 /* HomeController.swift */ = {isa = PBXFileReference; fileEncoding = 4; lastKnownFileType = sourcecode.swift; path = HomeController.swift; sourceTree = "<group>"; };
		4A4E57371D35DDFC00789FB8 /* LoginViewController.swift */ = {isa = PBXFileReference; fileEncoding = 4; lastKnownFileType = sourcecode.swift; path = LoginViewController.swift; sourceTree = "<group>"; };
		4A4E57381D35DDFC00789FB8 /* UserLoginInfoController.swift */ = {isa = PBXFileReference; fileEncoding = 4; lastKnownFileType = sourcecode.swift; path = UserLoginInfoController.swift; sourceTree = "<group>"; };
		4A4E573A1D35DDFC00789FB8 /* MainNavgationController.swift */ = {isa = PBXFileReference; fileEncoding = 4; lastKnownFileType = sourcecode.swift; path = MainNavgationController.swift; sourceTree = "<group>"; };
		4A4E573C1D35DDFC00789FB8 /* MainTabBarController.swift */ = {isa = PBXFileReference; fileEncoding = 4; lastKnownFileType = sourcecode.swift; path = MainTabBarController.swift; sourceTree = "<group>"; };
		4A4E573E1D35DDFC00789FB8 /* MeController.swift */ = {isa = PBXFileReference; fileEncoding = 4; lastKnownFileType = sourcecode.swift; path = MeController.swift; sourceTree = "<group>"; };
		4A4E57411D35DDFC00789FB8 /* MessageController.swift */ = {isa = PBXFileReference; fileEncoding = 4; lastKnownFileType = sourcecode.swift; name = MessageController.swift; path = ../NewFeatures/MessageController.swift; sourceTree = "<group>"; };
		4A4E57421D35DDFC00789FB8 /* NewfeaturesController.swift */ = {isa = PBXFileReference; fileEncoding = 4; lastKnownFileType = sourcecode.swift; path = NewfeaturesController.swift; sourceTree = "<group>"; };
		4A4E57451D35DDFC00789FB8 /* AppDelegate.swift */ = {isa = PBXFileReference; fileEncoding = 4; lastKnownFileType = sourcecode.swift; name = AppDelegate.swift; path = ../Search/AppDelegate.swift; sourceTree = "<group>"; };
		4A4E57461D35DDFC00789FB8 /* FoundController.swift */ = {isa = PBXFileReference; fileEncoding = 4; lastKnownFileType = sourcecode.swift; path = FoundController.swift; sourceTree = "<group>"; };
		4A4E57861D3607E800789FB8 /* MainVCSettings.json */ = {isa = PBXFileReference; fileEncoding = 4; lastKnownFileType = text.json; path = MainVCSettings.json; sourceTree = "<group>"; };
		4A85D4B31CDC624D00109B42 /* zhangdongdong.jpeg */ = {isa = PBXFileReference; lastKnownFileType = image.jpeg; path = zhangdongdong.jpeg; sourceTree = "<group>"; };
		4A9A64611CDC209700BD9518 /* DDWeiBo.app */ = {isa = PBXFileReference; explicitFileType = wrapper.application; includeInIndex = 0; path = DDWeiBo.app; sourceTree = BUILT_PRODUCTS_DIR; };
		4A9A646B1CDC209700BD9518 /* Assets.xcassets */ = {isa = PBXFileReference; lastKnownFileType = folder.assetcatalog; path = Assets.xcassets; sourceTree = "<group>"; };
		4A9A646E1CDC209700BD9518 /* Base */ = {isa = PBXFileReference; lastKnownFileType = file.storyboard; name = Base; path = Base.lproj/LaunchScreen.storyboard; sourceTree = "<group>"; };
		4A9A64701CDC209700BD9518 /* Info.plist */ = {isa = PBXFileReference; lastKnownFileType = text.plist.xml; path = Info.plist; sourceTree = "<group>"; };
		4A9A64751CDC209700BD9518 /* DDWeiBoTests.xctest */ = {isa = PBXFileReference; explicitFileType = wrapper.cfbundle; includeInIndex = 0; path = DDWeiBoTests.xctest; sourceTree = BUILT_PRODUCTS_DIR; };
		4A9A64791CDC209700BD9518 /* DDWeiBoTests.swift */ = {isa = PBXFileReference; lastKnownFileType = sourcecode.swift; path = DDWeiBoTests.swift; sourceTree = "<group>"; };
		4A9A647B1CDC209700BD9518 /* Info.plist */ = {isa = PBXFileReference; lastKnownFileType = text.plist.xml; path = Info.plist; sourceTree = "<group>"; };
		4A9A64801CDC209700BD9518 /* DDWeiBoUITests.xctest */ = {isa = PBXFileReference; explicitFileType = wrapper.cfbundle; includeInIndex = 0; path = DDWeiBoUITests.xctest; sourceTree = BUILT_PRODUCTS_DIR; };
		4A9A64841CDC209700BD9518 /* DDWeiBoUITests.swift */ = {isa = PBXFileReference; lastKnownFileType = sourcecode.swift; path = DDWeiBoUITests.swift; sourceTree = "<group>"; };
		4A9A64861CDC209700BD9518 /* Info.plist */ = {isa = PBXFileReference; lastKnownFileType = text.plist.xml; path = Info.plist; sourceTree = "<group>"; };
		B147C4F6550743F909D38F05 /* Pods-DDWeiBo.debug.xcconfig */ = {isa = PBXFileReference; includeInIndex = 1; lastKnownFileType = text.xcconfig; name = "Pods-DDWeiBo.debug.xcconfig"; path = "Pods/Target Support Files/Pods-DDWeiBo/Pods-DDWeiBo.debug.xcconfig"; sourceTree = "<group>"; };
		FFB456928ADED43BC2E541F2 /* Pods-DDWeiBo.release.xcconfig */ = {isa = PBXFileReference; includeInIndex = 1; lastKnownFileType = text.xcconfig; name = "Pods-DDWeiBo.release.xcconfig"; path = "Pods/Target Support Files/Pods-DDWeiBo/Pods-DDWeiBo.release.xcconfig"; sourceTree = "<group>"; };
/* End PBXFileReference section */

/* Begin PBXFrameworksBuildPhase section */
		4A9A645E1CDC209700BD9518 /* Frameworks */ = {
			isa = PBXFrameworksBuildPhase;
			buildActionMask = 2147483647;
			files = (
				FA37A69DF37E9812D6C8CCC5 /* Pods_DDWeiBo.framework in Frameworks */,
			);
			runOnlyForDeploymentPostprocessing = 0;
		};
		4A9A64721CDC209700BD9518 /* Frameworks */ = {
			isa = PBXFrameworksBuildPhase;
			buildActionMask = 2147483647;
			files = (
			);
			runOnlyForDeploymentPostprocessing = 0;
		};
		4A9A647D1CDC209700BD9518 /* Frameworks */ = {
			isa = PBXFrameworksBuildPhase;
			buildActionMask = 2147483647;
			files = (
			);
			runOnlyForDeploymentPostprocessing = 0;
		};
/* End PBXFrameworksBuildPhase section */

/* Begin PBXGroup section */
		0A81484B146DA09E342DE348 /* Frameworks */ = {
			isa = PBXGroup;
			children = (
				1F74FF669CD818BD7604BEE7 /* Pods_DDWeiBo.framework */,
			);
			name = Frameworks;
			sourceTree = "<group>";
		};
		3323805833FD00A6EA0AE3FF /* Pods */ = {
			isa = PBXGroup;
			children = (
				B147C4F6550743F909D38F05 /* Pods-DDWeiBo.debug.xcconfig */,
				FFB456928ADED43BC2E541F2 /* Pods-DDWeiBo.release.xcconfig */,
			);
			name = Pods;
			sourceTree = "<group>";
		};
		4A4E57331D35DDFC00789FB8 /* Class */ = {
			isa = PBXGroup;
			children = (
				4A4E57341D35DDFC00789FB8 /* Home */,
				4A4E57361D35DDFC00789FB8 /* login */,
				4A4E57391D35DDFC00789FB8 /* MainNav */,
				4A4E573B1D35DDFC00789FB8 /* MainTab */,
				4A4E573D1D35DDFC00789FB8 /* Me */,
				4A4E573F1D35DDFC00789FB8 /* Message */,
				4A4E57401D35DDFC00789FB8 /* NewFeatures */,
				4A4E57431D35DDFC00789FB8 /* Other */,
				4A4E57441D35DDFC00789FB8 /* Search */,
				4A4E57471D35DDFC00789FB8 /* Tools */,
			);
			path = Class;
			sourceTree = "<group>";
		};
		4A4E57341D35DDFC00789FB8 /* Home */ = {
			isa = PBXGroup;
			children = (
				4A4E57351D35DDFC00789FB8 /* HomeController.swift */,
			);
			path = Home;
			sourceTree = "<group>";
		};
		4A4E57361D35DDFC00789FB8 /* login */ = {
			isa = PBXGroup;
			children = (
				4A4E57371D35DDFC00789FB8 /* LoginViewController.swift */,
				4A4E57381D35DDFC00789FB8 /* UserLoginInfoController.swift */,
			);
			path = login;
			sourceTree = "<group>";
		};
		4A4E57391D35DDFC00789FB8 /* MainNav */ = {
			isa = PBXGroup;
			children = (
				4A4E573A1D35DDFC00789FB8 /* MainNavgationController.swift */,
			);
			path = MainNav;
			sourceTree = "<group>";
		};
		4A4E573B1D35DDFC00789FB8 /* MainTab */ = {
			isa = PBXGroup;
			children = (
				4A4E57851D3607E800789FB8 /* Resource */,
				4A4E573C1D35DDFC00789FB8 /* MainTabBarController.swift */,
			);
			path = MainTab;
			sourceTree = "<group>";
		};
		4A4E573D1D35DDFC00789FB8 /* Me */ = {
			isa = PBXGroup;
			children = (
				4A4E573E1D35DDFC00789FB8 /* MeController.swift */,
			);
			path = Me;
			sourceTree = "<group>";
		};
		4A4E573F1D35DDFC00789FB8 /* Message */ = {
			isa = PBXGroup;
			children = (
				4A4E57411D35DDFC00789FB8 /* MessageController.swift */,
			);
			path = Message;
			sourceTree = "<group>";
		};
		4A4E57401D35DDFC00789FB8 /* NewFeatures */ = {
			isa = PBXGroup;
			children = (
				4A4E57421D35DDFC00789FB8 /* NewfeaturesController.swift */,
			);
			path = NewFeatures;
			sourceTree = "<group>";
		};
		4A4E57431D35DDFC00789FB8 /* Other */ = {
			isa = PBXGroup;
			children = (
				4A4E57451D35DDFC00789FB8 /* AppDelegate.swift */,
			);
			path = Other;
			sourceTree = "<group>";
		};
		4A4E57441D35DDFC00789FB8 /* Search */ = {
			isa = PBXGroup;
			children = (
				4A4E57461D35DDFC00789FB8 /* FoundController.swift */,
			);
			path = Search;
			sourceTree = "<group>";
		};
		4A4E57471D35DDFC00789FB8 /* Tools */ = {
			isa = PBXGroup;
			children = (
			);
			path = Tools;
			sourceTree = "<group>";
		};
		4A4E57851D3607E800789FB8 /* Resource */ = {
			isa = PBXGroup;
			children = (
				4A4E57861D3607E800789FB8 /* MainVCSettings.json */,
			);
			path = Resource;
			sourceTree = "<group>";
		};
		4A9A64581CDC209700BD9518 = {
			isa = PBXGroup;
			children = (
				4A9A64631CDC209700BD9518 /* DDWeiBo */,
				4A9A64781CDC209700BD9518 /* DDWeiBoTests */,
				4A9A64831CDC209700BD9518 /* DDWeiBoUITests */,
				4A9A64621CDC209700BD9518 /* Products */,
				3323805833FD00A6EA0AE3FF /* Pods */,
				0A81484B146DA09E342DE348 /* Frameworks */,
			);
			sourceTree = "<group>";
		};
		4A9A64621CDC209700BD9518 /* Products */ = {
			isa = PBXGroup;
			children = (
				4A9A64611CDC209700BD9518 /* DDWeiBo.app */,
				4A9A64751CDC209700BD9518 /* DDWeiBoTests.xctest */,
				4A9A64801CDC209700BD9518 /* DDWeiBoUITests.xctest */,
			);
			name = Products;
			sourceTree = "<group>";
		};
		4A9A64631CDC209700BD9518 /* DDWeiBo */ = {
			isa = PBXGroup;
			children = (
				4A4E57331D35DDFC00789FB8 /* Class */,
				4A9A64981CDC254E00BD9518 /* 资源文件 */,
				4A9A646B1CDC209700BD9518 /* Assets.xcassets */,
				4A9A646D1CDC209700BD9518 /* LaunchScreen.storyboard */,
				4A9A64701CDC209700BD9518 /* Info.plist */,
			);
			path = DDWeiBo;
			sourceTree = "<group>";
		};
		4A9A64781CDC209700BD9518 /* DDWeiBoTests */ = {
			isa = PBXGroup;
			children = (
				4A9A64791CDC209700BD9518 /* DDWeiBoTests.swift */,
				4A9A647B1CDC209700BD9518 /* Info.plist */,
			);
			path = DDWeiBoTests;
			sourceTree = "<group>";
		};
		4A9A64831CDC209700BD9518 /* DDWeiBoUITests */ = {
			isa = PBXGroup;
			children = (
				4A9A64841CDC209700BD9518 /* DDWeiBoUITests.swift */,
				4A9A64861CDC209700BD9518 /* Info.plist */,
			);
			path = DDWeiBoUITests;
			sourceTree = "<group>";
		};
		4A9A64981CDC254E00BD9518 /* 资源文件 */ = {
			isa = PBXGroup;
			children = (
				4A85D4B31CDC624D00109B42 /* zhangdongdong.jpeg */,
			);
			name = "资源文件";
			sourceTree = "<group>";
		};
/* End PBXGroup section */

/* Begin PBXNativeTarget section */
		4A9A64601CDC209700BD9518 /* DDWeiBo */ = {
			isa = PBXNativeTarget;
			buildConfigurationList = 4A9A64891CDC209700BD9518 /* Build configuration list for PBXNativeTarget "DDWeiBo" */;
			buildPhases = (
				4C3BA742EAF834E891582F34 /* [CP] Check Pods Manifest.lock */,
				4A9A645D1CDC209700BD9518 /* Sources */,
				4A9A645E1CDC209700BD9518 /* Frameworks */,
				4A9A645F1CDC209700BD9518 /* Resources */,
				D26635F09E19DAF65D3EB46B /* [CP] Embed Pods Frameworks */,
				6D4AA7AEF944877E5A006814 /* [CP] Copy Pods Resources */,
			);
			buildRules = (
			);
			dependencies = (
			);
			name = DDWeiBo;
			productName = DDWeiBo;
			productReference = 4A9A64611CDC209700BD9518 /* DDWeiBo.app */;
			productType = "com.apple.product-type.application";
		};
		4A9A64741CDC209700BD9518 /* DDWeiBoTests */ = {
			isa = PBXNativeTarget;
			buildConfigurationList = 4A9A648C1CDC209700BD9518 /* Build configuration list for PBXNativeTarget "DDWeiBoTests" */;
			buildPhases = (
				4A9A64711CDC209700BD9518 /* Sources */,
				4A9A64721CDC209700BD9518 /* Frameworks */,
				4A9A64731CDC209700BD9518 /* Resources */,
			);
			buildRules = (
			);
			dependencies = (
				4A9A64771CDC209700BD9518 /* PBXTargetDependency */,
			);
			name = DDWeiBoTests;
			productName = DDWeiBoTests;
			productReference = 4A9A64751CDC209700BD9518 /* DDWeiBoTests.xctest */;
			productType = "com.apple.product-type.bundle.unit-test";
		};
		4A9A647F1CDC209700BD9518 /* DDWeiBoUITests */ = {
			isa = PBXNativeTarget;
			buildConfigurationList = 4A9A648F1CDC209700BD9518 /* Build configuration list for PBXNativeTarget "DDWeiBoUITests" */;
			buildPhases = (
				4A9A647C1CDC209700BD9518 /* Sources */,
				4A9A647D1CDC209700BD9518 /* Frameworks */,
				4A9A647E1CDC209700BD9518 /* Resources */,
			);
			buildRules = (
			);
			dependencies = (
				4A9A64821CDC209700BD9518 /* PBXTargetDependency */,
			);
			name = DDWeiBoUITests;
			productName = DDWeiBoUITests;
			productReference = 4A9A64801CDC209700BD9518 /* DDWeiBoUITests.xctest */;
			productType = "com.apple.product-type.bundle.ui-testing";
		};
/* End PBXNativeTarget section */

/* Begin PBXProject section */
		4A9A64591CDC209700BD9518 /* Project object */ = {
			isa = PBXProject;
			attributes = {
				LastSwiftUpdateCheck = 0730;
				LastUpgradeCheck = 0730;
				ORGANIZATIONNAME = "张东东";
				TargetAttributes = {
					4A9A64601CDC209700BD9518 = {
						CreatedOnToolsVersion = 7.3;
					};
					4A9A64741CDC209700BD9518 = {
						CreatedOnToolsVersion = 7.3;
						TestTargetID = 4A9A64601CDC209700BD9518;
					};
					4A9A647F1CDC209700BD9518 = {
						CreatedOnToolsVersion = 7.3;
						TestTargetID = 4A9A64601CDC209700BD9518;
					};
				};
			};
			buildConfigurationList = 4A9A645C1CDC209700BD9518 /* Build configuration list for PBXProject "DDWeiBo" */;
			compatibilityVersion = "Xcode 3.2";
			developmentRegion = English;
			hasScannedForEncodings = 0;
			knownRegions = (
				en,
				Base,
			);
			mainGroup = 4A9A64581CDC209700BD9518;
			productRefGroup = 4A9A64621CDC209700BD9518 /* Products */;
			projectDirPath = "";
			projectRoot = "";
			targets = (
				4A9A64601CDC209700BD9518 /* DDWeiBo */,
				4A9A64741CDC209700BD9518 /* DDWeiBoTests */,
				4A9A647F1CDC209700BD9518 /* DDWeiBoUITests */,
			);
		};
/* End PBXProject section */

/* Begin PBXResourcesBuildPhase section */
		4A9A645F1CDC209700BD9518 /* Resources */ = {
			isa = PBXResourcesBuildPhase;
			buildActionMask = 2147483647;
			files = (
				4A85D4B41CDC624D00109B42 /* zhangdongdong.jpeg in Resources */,
				4A9A646F1CDC209700BD9518 /* LaunchScreen.storyboard in Resources */,
				4A4E57881D3607E800789FB8 /* MainVCSettings.json in Resources */,
				4A9A646C1CDC209700BD9518 /* Assets.xcassets in Resources */,
			);
			runOnlyForDeploymentPostprocessing = 0;
		};
		4A9A64731CDC209700BD9518 /* Resources */ = {
			isa = PBXResourcesBuildPhase;
			buildActionMask = 2147483647;
			files = (
			);
			runOnlyForDeploymentPostprocessing = 0;
		};
		4A9A647E1CDC209700BD9518 /* Resources */ = {
			isa = PBXResourcesBuildPhase;
			buildActionMask = 2147483647;
			files = (
			);
			runOnlyForDeploymentPostprocessing = 0;
		};
/* End PBXResourcesBuildPhase section */

/* Begin PBXShellScriptBuildPhase section */
		4C3BA742EAF834E891582F34 /* [CP] Check Pods Manifest.lock */ = {
			isa = PBXShellScriptBuildPhase;
			buildActionMask = 2147483647;
			files = (
			);
			inputPaths = (
			);
			name = "[CP] Check Pods Manifest.lock";
			outputPaths = (
			);
			runOnlyForDeploymentPostprocessing = 0;
			shellPath = /bin/sh;
			shellScript = "diff \"${PODS_ROOT}/../Podfile.lock\" \"${PODS_ROOT}/Manifest.lock\" > /dev/null\nif [[ $? != 0 ]] ; then\n    cat << EOM\nerror: The sandbox is not in sync with the Podfile.lock. Run 'pod install' or update your CocoaPods installation.\nEOM\n    exit 1\nfi\n";
			showEnvVarsInLog = 0;
		};
		6D4AA7AEF944877E5A006814 /* [CP] Copy Pods Resources */ = {
			isa = PBXShellScriptBuildPhase;
			buildActionMask = 2147483647;
			files = (
			);
			inputPaths = (
			);
			name = "[CP] Copy Pods Resources";
			outputPaths = (
			);
			runOnlyForDeploymentPostprocessing = 0;
			shellPath = /bin/sh;
			shellScript = "\"${SRCROOT}/Pods/Target Support Files/Pods-DDWeiBo/Pods-DDWeiBo-resources.sh\"\n";
			showEnvVarsInLog = 0;
		};
		D26635F09E19DAF65D3EB46B /* [CP] Embed Pods Frameworks */ = {
			isa = PBXShellScriptBuildPhase;
			buildActionMask = 2147483647;
			files = (
			);
			inputPaths = (
			);
			name = "[CP] Embed Pods Frameworks";
			outputPaths = (
			);
			runOnlyForDeploymentPostprocessing = 0;
			shellPath = /bin/sh;
			shellScript = "\"${SRCROOT}/Pods/Target Support Files/Pods-DDWeiBo/Pods-DDWeiBo-frameworks.sh\"\n";
			showEnvVarsInLog = 0;
		};
/* End PBXShellScriptBuildPhase section */

/* Begin PBXSourcesBuildPhase section */
		4A9A645D1CDC209700BD9518 /* Sources */ = {
			isa = PBXSourcesBuildPhase;
			buildActionMask = 2147483647;
			files = (
				4A4E574B1D35DDFC00789FB8 /* MainNavgationController.swift in Sources */,
				4A4E57491D35DDFC00789FB8 /* LoginViewController.swift in Sources */,
				4A4E574E1D35DDFC00789FB8 /* MessageController.swift in Sources */,
				4A4E57501D35DDFC00789FB8 /* AppDelegate.swift in Sources */,
				4A4E57511D35DDFC00789FB8 /* FoundController.swift in Sources */,
				4A4E574F1D35DDFC00789FB8 /* NewfeaturesController.swift in Sources */,
				4A4E574C1D35DDFC00789FB8 /* MainTabBarController.swift in Sources */,
				4A4E574D1D35DDFC00789FB8 /* MeController.swift in Sources */,
				4A4E57481D35DDFC00789FB8 /* HomeController.swift in Sources */,
				4A4E574A1D35DDFC00789FB8 /* UserLoginInfoController.swift in Sources */,
			);
			runOnlyForDeploymentPostprocessing = 0;
		};
		4A9A64711CDC209700BD9518 /* Sources */ = {
			isa = PBXSourcesBuildPhase;
			buildActionMask = 2147483647;
			files = (
				4A9A647A1CDC209700BD9518 /* DDWeiBoTests.swift in Sources */,
			);
			runOnlyForDeploymentPostprocessing = 0;
		};
		4A9A647C1CDC209700BD9518 /* Sources */ = {
			isa = PBXSourcesBuildPhase;
			buildActionMask = 2147483647;
			files = (
				4A9A64851CDC209700BD9518 /* DDWeiBoUITests.swift in Sources */,
			);
			runOnlyForDeploymentPostprocessing = 0;
		};
/* End PBXSourcesBuildPhase section */

/* Begin PBXTargetDependency section */
		4A9A64771CDC209700BD9518 /* PBXTargetDependency */ = {
			isa = PBXTargetDependency;
			target = 4A9A64601CDC209700BD9518 /* DDWeiBo */;
			targetProxy = 4A9A64761CDC209700BD9518 /* PBXContainerItemProxy */;
		};
		4A9A64821CDC209700BD9518 /* PBXTargetDependency */ = {
			isa = PBXTargetDependency;
			target = 4A9A64601CDC209700BD9518 /* DDWeiBo */;
			targetProxy = 4A9A64811CDC209700BD9518 /* PBXContainerItemProxy */;
		};
/* End PBXTargetDependency section */

/* Begin PBXVariantGroup section */
		4A9A646D1CDC209700BD9518 /* LaunchScreen.storyboard */ = {
			isa = PBXVariantGroup;
			children = (
				4A9A646E1CDC209700BD9518 /* Base */,
			);
			name = LaunchScreen.storyboard;
			sourceTree = "<group>";
		};
/* End PBXVariantGroup section */

/* Begin XCBuildConfiguration section */
		4A9A64871CDC209700BD9518 /* Debug */ = {
			isa = XCBuildConfiguration;
			buildSettings = {
				ALWAYS_SEARCH_USER_PATHS = NO;
				CLANG_ANALYZER_NONNULL = YES;
				CLANG_CXX_LANGUAGE_STANDARD = "gnu++0x";
				CLANG_CXX_LIBRARY = "libc++";
				CLANG_ENABLE_MODULES = YES;
				CLANG_ENABLE_OBJC_ARC = YES;
				CLANG_WARN_BOOL_CONVERSION = YES;
				CLANG_WARN_CONSTANT_CONVERSION = YES;
				CLANG_WARN_DIRECT_OBJC_ISA_USAGE = YES_ERROR;
				CLANG_WARN_EMPTY_BODY = YES;
				CLANG_WARN_ENUM_CONVERSION = YES;
				CLANG_WARN_INT_CONVERSION = YES;
				CLANG_WARN_OBJC_ROOT_CLASS = YES_ERROR;
				CLANG_WARN_UNREACHABLE_CODE = YES;
				CLANG_WARN__DUPLICATE_METHOD_MATCH = YES;
				"CODE_SIGN_IDENTITY[sdk=iphoneos*]" = "iPhone Developer";
				COPY_PHASE_STRIP = NO;
				DEBUG_INFORMATION_FORMAT = dwarf;
				ENABLE_STRICT_OBJC_MSGSEND = YES;
				ENABLE_TESTABILITY = YES;
				GCC_C_LANGUAGE_STANDARD = gnu99;
				GCC_DYNAMIC_NO_PIC = NO;
				GCC_NO_COMMON_BLOCKS = YES;
				GCC_OPTIMIZATION_LEVEL = 0;
				GCC_PREPROCESSOR_DEFINITIONS = (
					"DEBUG=1",
					"$(inherited)",
				);
				GCC_WARN_64_TO_32_BIT_CONVERSION = YES;
				GCC_WARN_ABOUT_RETURN_TYPE = YES_ERROR;
				GCC_WARN_UNDECLARED_SELECTOR = YES;
				GCC_WARN_UNINITIALIZED_AUTOS = YES_AGGRESSIVE;
				GCC_WARN_UNUSED_FUNCTION = YES;
				GCC_WARN_UNUSED_VARIABLE = YES;
				IPHONEOS_DEPLOYMENT_TARGET = 9.3;
				MTL_ENABLE_DEBUG_INFO = YES;
				ONLY_ACTIVE_ARCH = YES;
				SDKROOT = iphoneos;
				SWIFT_OPTIMIZATION_LEVEL = "-Onone";
				TARGETED_DEVICE_FAMILY = "1,2";
			};
			name = Debug;
		};
		4A9A64881CDC209700BD9518 /* Release */ = {
			isa = XCBuildConfiguration;
			buildSettings = {
				ALWAYS_SEARCH_USER_PATHS = NO;
				CLANG_ANALYZER_NONNULL = YES;
				CLANG_CXX_LANGUAGE_STANDARD = "gnu++0x";
				CLANG_CXX_LIBRARY = "libc++";
				CLANG_ENABLE_MODULES = YES;
				CLANG_ENABLE_OBJC_ARC = YES;
				CLANG_WARN_BOOL_CONVERSION = YES;
				CLANG_WARN_CONSTANT_CONVERSION = YES;
				CLANG_WARN_DIRECT_OBJC_ISA_USAGE = YES_ERROR;
				CLANG_WARN_EMPTY_BODY = YES;
				CLANG_WARN_ENUM_CONVERSION = YES;
				CLANG_WARN_INT_CONVERSION = YES;
				CLANG_WARN_OBJC_ROOT_CLASS = YES_ERROR;
				CLANG_WARN_UNREACHABLE_CODE = YES;
				CLANG_WARN__DUPLICATE_METHOD_MATCH = YES;
				"CODE_SIGN_IDENTITY[sdk=iphoneos*]" = "iPhone Developer";
				COPY_PHASE_STRIP = NO;
				DEBUG_INFORMATION_FORMAT = "dwarf-with-dsym";
				ENABLE_NS_ASSERTIONS = NO;
				ENABLE_STRICT_OBJC_MSGSEND = YES;
				GCC_C_LANGUAGE_STANDARD = gnu99;
				GCC_NO_COMMON_BLOCKS = YES;
				GCC_WARN_64_TO_32_BIT_CONVERSION = YES;
				GCC_WARN_ABOUT_RETURN_TYPE = YES_ERROR;
				GCC_WARN_UNDECLARED_SELECTOR = YES;
				GCC_WARN_UNINITIALIZED_AUTOS = YES_AGGRESSIVE;
				GCC_WARN_UNUSED_FUNCTION = YES;
				GCC_WARN_UNUSED_VARIABLE = YES;
				IPHONEOS_DEPLOYMENT_TARGET = 9.3;
				MTL_ENABLE_DEBUG_INFO = NO;
				SDKROOT = iphoneos;
				TARGETED_DEVICE_FAMILY = "1,2";
				VALIDATE_PRODUCT = YES;
			};
			name = Release;
		};
		4A9A648A1CDC209700BD9518 /* Debug */ = {
			isa = XCBuildConfiguration;
			baseConfigurationReference = B147C4F6550743F909D38F05 /* Pods-DDWeiBo.debug.xcconfig */;
			buildSettings = {
				ASSETCATALOG_COMPILER_APPICON_NAME = AppIcon;
				ASSETCATALOG_COMPILER_LAUNCHIMAGE_NAME = "Brand Assets";
				INFOPLIST_FILE = DDWeiBo/Info.plist;
				IPHONEOS_DEPLOYMENT_TARGET = 9.0;
				LD_RUNPATH_SEARCH_PATHS = "$(inherited) @executable_path/Frameworks";
				OTHER_SWIFT_FLAGS = "$(inherited) \"-D\" \"COCOAPODS\" -D DEBUG";
				PRODUCT_BUNDLE_IDENTIFIER = com.zhangdongdong.DDWeiBo;
				PRODUCT_NAME = "$(TARGET_NAME)";
			};
			name = Debug;
		};
		4A9A648B1CDC209700BD9518 /* Release */ = {
			isa = XCBuildConfiguration;
			baseConfigurationReference = FFB456928ADED43BC2E541F2 /* Pods-DDWeiBo.release.xcconfig */;
			buildSettings = {
				ASSETCATALOG_COMPILER_APPICON_NAME = AppIcon;
				ASSETCATALOG_COMPILER_LAUNCHIMAGE_NAME = "Brand Assets";
				INFOPLIST_FILE = DDWeiBo/Info.plist;
				IPHONEOS_DEPLOYMENT_TARGET = 9.0;
				LD_RUNPATH_SEARCH_PATHS = "$(inherited) @executable_path/Frameworks";
				PRODUCT_BUNDLE_IDENTIFIER = com.zhangdongdong.DDWeiBo;
				PRODUCT_NAME = "$(TARGET_NAME)";
			};
			name = Release;
		};
		4A9A648D1CDC209700BD9518 /* Debug */ = {
			isa = XCBuildConfiguration;
			buildSettings = {
				BUNDLE_LOADER = "$(TEST_HOST)";
				INFOPLIST_FILE = DDWeiBoTests/Info.plist;
				LD_RUNPATH_SEARCH_PATHS = "$(inherited) @executable_path/Frameworks @loader_path/Frameworks";
				PRODUCT_BUNDLE_IDENTIFIER = com.zhangdongdong.DDWeiBoTests;
				PRODUCT_NAME = "$(TARGET_NAME)";
				TEST_HOST = "$(BUILT_PRODUCTS_DIR)/DDWeiBo.app/DDWeiBo";
			};
			name = Debug;
		};
		4A9A648E1CDC209700BD9518 /* Release */ = {
			isa = XCBuildConfiguration;
			buildSettings = {
				BUNDLE_LOADER = "$(TEST_HOST)";
				INFOPLIST_FILE = DDWeiBoTests/Info.plist;
				LD_RUNPATH_SEARCH_PATHS = "$(inherited) @executable_path/Frameworks @loader_path/Frameworks";
				PRODUCT_BUNDLE_IDENTIFIER = com.zhangdongdong.DDWeiBoTests;
				PRODUCT_NAME = "$(TARGET_NAME)";
				TEST_HOST = "$(BUILT_PRODUCTS_DIR)/DDWeiBo.app/DDWeiBo";
			};
			name = Release;
		};
		4A9A64901CDC209700BD9518 /* Debug */ = {
			isa = XCBuildConfiguration;
			buildSettings = {
				INFOPLIST_FILE = DDWeiBoUITests/Info.plist;
				LD_RUNPATH_SEARCH_PATHS = "$(inherited) @executable_path/Frameworks @loader_path/Frameworks";
				PRODUCT_BUNDLE_IDENTIFIER = com.zhangdongdong.DDWeiBoUITests;
				PRODUCT_NAME = "$(TARGET_NAME)";
				TEST_TARGET_NAME = DDWeiBo;
			};
			name = Debug;
		};
		4A9A64911CDC209700BD9518 /* Release */ = {
			isa = XCBuildConfiguration;
			buildSettings = {
				INFOPLIST_FILE = DDWeiBoUITests/Info.plist;
				LD_RUNPATH_SEARCH_PATHS = "$(inherited) @executable_path/Frameworks @loader_path/Frameworks";
				PRODUCT_BUNDLE_IDENTIFIER = com.zhangdongdong.DDWeiBoUITests;
				PRODUCT_NAME = "$(TARGET_NAME)";
				TEST_TARGET_NAME = DDWeiBo;
			};
			name = Release;
		};
/* End XCBuildConfiguration section */

/* Begin XCConfigurationList section */
		4A9A645C1CDC209700BD9518 /* Build configuration list for PBXProject "DDWeiBo" */ = {
			isa = XCConfigurationList;
			buildConfigurations = (
				4A9A64871CDC209700BD9518 /* Debug */,
				4A9A64881CDC209700BD9518 /* Release */,
			);
			defaultConfigurationIsVisible = 0;
			defaultConfigurationName = Release;
		};
		4A9A64891CDC209700BD9518 /* Build configuration list for PBXNativeTarget "DDWeiBo" */ = {
			isa = XCConfigurationList;
			buildConfigurations = (
				4A9A648A1CDC209700BD9518 /* Debug */,
				4A9A648B1CDC209700BD9518 /* Release */,
			);
			defaultConfigurationIsVisible = 0;
			defaultConfigurationName = Release;
		};
		4A9A648C1CDC209700BD9518 /* Build configuration list for PBXNativeTarget "DDWeiBoTests" */ = {
			isa = XCConfigurationList;
			buildConfigurations = (
				4A9A648D1CDC209700BD9518 /* Debug */,
				4A9A648E1CDC209700BD9518 /* Release */,
			);
			defaultConfigurationIsVisible = 0;
			defaultConfigurationName = Release;
		};
		4A9A648F1CDC209700BD9518 /* Build configuration list for PBXNativeTarget "DDWeiBoUITests" */ = {
			isa = XCConfigurationList;
			buildConfigurations = (
				4A9A64901CDC209700BD9518 /* Debug */,
				4A9A64911CDC209700BD9518 /* Release */,
			);
			defaultConfigurationIsVisible = 0;
			defaultConfigurationName = Release;
		};
/* End XCConfigurationList section */
	};
	rootObject = 4A9A64591CDC209700BD9518 /* Project object */;
}
